
Microsoft Visual Studio Solution File, Format Version 12.00
# Visual Studio Version 16
VisualStudioVersion = 16.0.30711.63
MinimumVisualStudioVersion = 10.0.40219.1
Project("{FAE04EC0-301F-11D3-BF4B-00C04F79EFBC}") = "IgniteBot2", "IgniteBot2.csproj", "{F2EA4914-2372-49D5-83CC-A11302747291}"
EndProject
Global
	GlobalSection(SolutionConfigurationPlatforms) = preSolution
		Debug|Any CPU = Debug|Any CPU
		Release|Any CPU = Release|Any CPU
	EndGlobalSection
	GlobalSection(ProjectConfigurationPlatforms) = postSolution
		{F2EA4914-2372-49D5-83CC-A11302747291}.Debug|Any CPU.ActiveCfg = Debug|Any CPU
		{F2EA4914-2372-49D5-83CC-A11302747291}.Debug|Any CPU.Build.0 = Debug|Any CPU
		{F2EA4914-2372-49D5-83CC-A11302747291}.Release|Any CPU.ActiveCfg = Release|Any CPU
		{F2EA4914-2372-49D5-83CC-A11302747291}.Release|Any CPU.Build.0 = Release|Any CPU
	EndGlobalSection
	GlobalSection(SolutionProperties) = preSolution
		HideSolutionNode = FALSE
	EndGlobalSection
	GlobalSection(ExtensibilityGlobals) = postSolution
		SolutionGuid = {5B0CE603-5AF4-4FBB-97D4-85FF856DE880}
	EndGlobalSection
EndGlobal
