
Microsoft Visual Studio Solution File, Format Version 12.00
# Visual Studio Version 16
VisualStudioVersion = 16.0.30711.63
MinimumVisualStudioVersion = 10.0.40219.1
Project("{9A19103F-16F7-4668-BE54-9A1E7A4F7556}") = "Spark", "Spark.csproj", "{F2EA4914-2372-49D5-83CC-A11302747291}"
EndProject
Project("{930C7802-8A8C-48F9-8165-68863BCCD9DD}") = "Spark.Installer", "IgniteBot.Installer\Spark.Installer.wixproj", "{0C43DBB5-030A-433A-8730-CC575062A9C5}"
EndProject
Global
	GlobalSection(SolutionConfigurationPlatforms) = preSolution
		Debug|Any CPU = Debug|Any CPU
		Debug|x64 = Debug|x64
		Debug|x86 = Debug|x86
		Release|Any CPU = Release|Any CPU
		Release|x64 = Release|x64
		Release|x86 = Release|x86
	EndGlobalSection
	GlobalSection(ProjectConfigurationPlatforms) = postSolution
		{F2EA4914-2372-49D5-83CC-A11302747291}.Debug|Any CPU.ActiveCfg = Debug|Any CPU
		{F2EA4914-2372-49D5-83CC-A11302747291}.Debug|Any CPU.Build.0 = Debug|Any CPU
		{F2EA4914-2372-49D5-83CC-A11302747291}.Debug|x64.ActiveCfg = Debug|x64
		{F2EA4914-2372-49D5-83CC-A11302747291}.Debug|x64.Build.0 = Debug|x64
		{F2EA4914-2372-49D5-83CC-A11302747291}.Debug|x86.ActiveCfg = Debug|Any CPU
		{F2EA4914-2372-49D5-83CC-A11302747291}.Debug|x86.Build.0 = Debug|Any CPU
		{F2EA4914-2372-49D5-83CC-A11302747291}.Release|Any CPU.ActiveCfg = Release|Any CPU
		{F2EA4914-2372-49D5-83CC-A11302747291}.Release|Any CPU.Build.0 = Release|Any CPU
		{F2EA4914-2372-49D5-83CC-A11302747291}.Release|x64.ActiveCfg = Release|x64
		{F2EA4914-2372-49D5-83CC-A11302747291}.Release|x64.Build.0 = Release|x64
		{F2EA4914-2372-49D5-83CC-A11302747291}.Release|x86.ActiveCfg = Release|Any CPU
		{F2EA4914-2372-49D5-83CC-A11302747291}.Release|x86.Build.0 = Release|Any CPU
		{0C43DBB5-030A-433A-8730-CC575062A9C5}.Debug|Any CPU.ActiveCfg = Debug|x86
		{0C43DBB5-030A-433A-8730-CC575062A9C5}.Debug|x64.ActiveCfg = Debug|x86
		{0C43DBB5-030A-433A-8730-CC575062A9C5}.Debug|x86.ActiveCfg = Debug|x86
		{0C43DBB5-030A-433A-8730-CC575062A9C5}.Debug|x86.Build.0 = Debug|x86
		{0C43DBB5-030A-433A-8730-CC575062A9C5}.Release|Any CPU.ActiveCfg = Release|x86
		{0C43DBB5-030A-433A-8730-CC575062A9C5}.Release|x64.ActiveCfg = Release|x86
		{0C43DBB5-030A-433A-8730-CC575062A9C5}.Release|x86.ActiveCfg = Release|x86
		{0C43DBB5-030A-433A-8730-CC575062A9C5}.Release|x86.Build.0 = Release|x86
	EndGlobalSection
	GlobalSection(SolutionProperties) = preSolution
		HideSolutionNode = FALSE
	EndGlobalSection
	GlobalSection(ExtensibilityGlobals) = postSolution
		SolutionGuid = {5B0CE603-5AF4-4FBB-97D4-85FF856DE880}
	EndGlobalSection
EndGlobal
