
Microsoft Visual Studio Solution File, Format Version 12.00
# Visual Studio Version 17
VisualStudioVersion = 17.0.31410.414
MinimumVisualStudioVersion = 10.0.40219.1
Project("{9A19103F-16F7-4668-BE54-9A1E7A4F7556}") = "Spark", "Spark.csproj", "{F2EA4914-2372-49D5-83CC-A11302747291}"
EndProject
Project("{930C7802-8A8C-48F9-8165-68863BCCD9DD}") = "Spark.Installer", "IgniteBot.Installer\Spark.Installer.wixproj", "{0C43DBB5-030A-433A-8730-CC575062A9C5}"
EndProject
Project("{C7167F0D-BC9F-4E6E-AFE1-012C56B48DB5}") = "SparkMSIX", "SparkMSIX\SparkMSIX.wapproj", "{BD942588-D1E6-494E-BFCE-F588BC1C153D}"
EndProject
Project("{2150E333-8FDC-42A3-9474-1A3956D46DE8}") = "Solution Items", "Solution Items", "{D5238F6F-6BFC-49A5-A777-6E2AB5AB54B2}"
	ProjectSection(SolutionItems) = preProject
		.editorconfig = .editorconfig
	EndProjectSection
EndProject
Global
	GlobalSection(SolutionConfigurationPlatforms) = preSolution
		Debug|Any CPU = Debug|Any CPU
		Debug|ARM = Debug|ARM
		Debug|ARM64 = Debug|ARM64
		Debug|x64 = Debug|x64
		Debug|x86 = Debug|x86
		Release|Any CPU = Release|Any CPU
		Release|ARM = Release|ARM
		Release|ARM64 = Release|ARM64
		Release|x64 = Release|x64
		Release|x86 = Release|x86
	EndGlobalSection
	GlobalSection(ProjectConfigurationPlatforms) = postSolution
		{F2EA4914-2372-49D5-83CC-A11302747291}.Debug|Any CPU.ActiveCfg = Debug|Any CPU
		{F2EA4914-2372-49D5-83CC-A11302747291}.Debug|Any CPU.Build.0 = Debug|Any CPU
		{F2EA4914-2372-49D5-83CC-A11302747291}.Debug|ARM.ActiveCfg = Debug|Any CPU
		{F2EA4914-2372-49D5-83CC-A11302747291}.Debug|ARM.Build.0 = Debug|Any CPU
		{F2EA4914-2372-49D5-83CC-A11302747291}.Debug|ARM64.ActiveCfg = Debug|Any CPU
		{F2EA4914-2372-49D5-83CC-A11302747291}.Debug|ARM64.Build.0 = Debug|Any CPU
		{F2EA4914-2372-49D5-83CC-A11302747291}.Debug|x64.ActiveCfg = Debug|x64
		{F2EA4914-2372-49D5-83CC-A11302747291}.Debug|x64.Build.0 = Debug|x64
		{F2EA4914-2372-49D5-83CC-A11302747291}.Debug|x86.ActiveCfg = Debug|Any CPU
		{F2EA4914-2372-49D5-83CC-A11302747291}.Debug|x86.Build.0 = Debug|Any CPU
		{F2EA4914-2372-49D5-83CC-A11302747291}.Release|Any CPU.ActiveCfg = Release|Any CPU
		{F2EA4914-2372-49D5-83CC-A11302747291}.Release|Any CPU.Build.0 = Release|Any CPU
		{F2EA4914-2372-49D5-83CC-A11302747291}.Release|ARM.ActiveCfg = Release|Any CPU
		{F2EA4914-2372-49D5-83CC-A11302747291}.Release|ARM.Build.0 = Release|Any CPU
		{F2EA4914-2372-49D5-83CC-A11302747291}.Release|ARM64.ActiveCfg = Release|Any CPU
		{F2EA4914-2372-49D5-83CC-A11302747291}.Release|ARM64.Build.0 = Release|Any CPU
		{F2EA4914-2372-49D5-83CC-A11302747291}.Release|x64.ActiveCfg = Release|x64
		{F2EA4914-2372-49D5-83CC-A11302747291}.Release|x64.Build.0 = Release|x64
		{F2EA4914-2372-49D5-83CC-A11302747291}.Release|x86.ActiveCfg = Release|Any CPU
		{F2EA4914-2372-49D5-83CC-A11302747291}.Release|x86.Build.0 = Release|Any CPU
		{0C43DBB5-030A-433A-8730-CC575062A9C5}.Debug|Any CPU.ActiveCfg = Debug|x86
		{0C43DBB5-030A-433A-8730-CC575062A9C5}.Debug|ARM.ActiveCfg = Debug|x86
		{0C43DBB5-030A-433A-8730-CC575062A9C5}.Debug|ARM64.ActiveCfg = Debug|x86
		{0C43DBB5-030A-433A-8730-CC575062A9C5}.Debug|x64.ActiveCfg = Debug|x86
		{0C43DBB5-030A-433A-8730-CC575062A9C5}.Debug|x86.ActiveCfg = Debug|x86
		{0C43DBB5-030A-433A-8730-CC575062A9C5}.Debug|x86.Build.0 = Debug|x86
		{0C43DBB5-030A-433A-8730-CC575062A9C5}.Release|Any CPU.ActiveCfg = Release|x86
		{0C43DBB5-030A-433A-8730-CC575062A9C5}.Release|ARM.ActiveCfg = Release|x86
		{0C43DBB5-030A-433A-8730-CC575062A9C5}.Release|ARM64.ActiveCfg = Release|x86
		{0C43DBB5-030A-433A-8730-CC575062A9C5}.Release|x64.ActiveCfg = Release|x86
		{0C43DBB5-030A-433A-8730-CC575062A9C5}.Release|x86.ActiveCfg = Release|x86
		{0C43DBB5-030A-433A-8730-CC575062A9C5}.Release|x86.Build.0 = Release|x86
		{BD942588-D1E6-494E-BFCE-F588BC1C153D}.Debug|Any CPU.ActiveCfg = Debug|Any CPU
		{BD942588-D1E6-494E-BFCE-F588BC1C153D}.Debug|Any CPU.Build.0 = Debug|Any CPU
		{BD942588-D1E6-494E-BFCE-F588BC1C153D}.Debug|Any CPU.Deploy.0 = Debug|Any CPU
		{BD942588-D1E6-494E-BFCE-F588BC1C153D}.Debug|ARM.ActiveCfg = Debug|ARM
		{BD942588-D1E6-494E-BFCE-F588BC1C153D}.Debug|ARM.Build.0 = Debug|ARM
		{BD942588-D1E6-494E-BFCE-F588BC1C153D}.Debug|ARM.Deploy.0 = Debug|ARM
		{BD942588-D1E6-494E-BFCE-F588BC1C153D}.Debug|ARM64.ActiveCfg = Debug|ARM64
		{BD942588-D1E6-494E-BFCE-F588BC1C153D}.Debug|ARM64.Build.0 = Debug|ARM64
		{BD942588-D1E6-494E-BFCE-F588BC1C153D}.Debug|ARM64.Deploy.0 = Debug|ARM64
		{BD942588-D1E6-494E-BFCE-F588BC1C153D}.Debug|x64.ActiveCfg = Debug|x64
		{BD942588-D1E6-494E-BFCE-F588BC1C153D}.Debug|x64.Build.0 = Debug|x64
		{BD942588-D1E6-494E-BFCE-F588BC1C153D}.Debug|x64.Deploy.0 = Debug|x64
		{BD942588-D1E6-494E-BFCE-F588BC1C153D}.Debug|x86.ActiveCfg = Debug|x86
		{BD942588-D1E6-494E-BFCE-F588BC1C153D}.Debug|x86.Build.0 = Debug|x86
		{BD942588-D1E6-494E-BFCE-F588BC1C153D}.Debug|x86.Deploy.0 = Debug|x86
		{BD942588-D1E6-494E-BFCE-F588BC1C153D}.Release|Any CPU.ActiveCfg = Release|Any CPU
		{BD942588-D1E6-494E-BFCE-F588BC1C153D}.Release|Any CPU.Build.0 = Release|Any CPU
		{BD942588-D1E6-494E-BFCE-F588BC1C153D}.Release|Any CPU.Deploy.0 = Release|Any CPU
		{BD942588-D1E6-494E-BFCE-F588BC1C153D}.Release|ARM.ActiveCfg = Release|ARM
		{BD942588-D1E6-494E-BFCE-F588BC1C153D}.Release|ARM.Build.0 = Release|ARM
		{BD942588-D1E6-494E-BFCE-F588BC1C153D}.Release|ARM.Deploy.0 = Release|ARM
		{BD942588-D1E6-494E-BFCE-F588BC1C153D}.Release|ARM64.ActiveCfg = Release|ARM64
		{BD942588-D1E6-494E-BFCE-F588BC1C153D}.Release|ARM64.Build.0 = Release|ARM64
		{BD942588-D1E6-494E-BFCE-F588BC1C153D}.Release|ARM64.Deploy.0 = Release|ARM64
		{BD942588-D1E6-494E-BFCE-F588BC1C153D}.Release|x64.ActiveCfg = Release|x64
		{BD942588-D1E6-494E-BFCE-F588BC1C153D}.Release|x64.Build.0 = Release|x64
		{BD942588-D1E6-494E-BFCE-F588BC1C153D}.Release|x64.Deploy.0 = Release|x64
		{BD942588-D1E6-494E-BFCE-F588BC1C153D}.Release|x86.ActiveCfg = Release|x86
		{BD942588-D1E6-494E-BFCE-F588BC1C153D}.Release|x86.Build.0 = Release|x86
		{BD942588-D1E6-494E-BFCE-F588BC1C153D}.Release|x86.Deploy.0 = Release|x86
	EndGlobalSection
	GlobalSection(SolutionProperties) = preSolution
		HideSolutionNode = FALSE
	EndGlobalSection
	GlobalSection(ExtensibilityGlobals) = postSolution
		SolutionGuid = {5B0CE603-5AF4-4FBB-97D4-85FF856DE880}
	EndGlobalSection
EndGlobal
